
Microsoft Visual Studio Solution File, Format Version 12.00
# Visual Studio Version 16
VisualStudioVersion = 16.0.29709.97
MinimumVisualStudioVersion = 10.0.40219.1
Project("{9A19103F-16F7-4668-BE54-9A1E7A4F7556}") = "Proyecto 1", "Proyecto 1\Proyecto 1.csproj", "{AAB14566-2F08-4615-848E-16942B372F91}"
EndProject
Global
	GlobalSection(SolutionConfigurationPlatforms) = preSolution
		Debug|Any CPU = Debug|Any CPU
		Release|Any CPU = Release|Any CPU
	EndGlobalSection
	GlobalSection(ProjectConfigurationPlatforms) = postSolution
		{AAB14566-2F08-4615-848E-16942B372F91}.Debug|Any CPU.ActiveCfg = Debug|Any CPU
		{AAB14566-2F08-4615-848E-16942B372F91}.Debug|Any CPU.Build.0 = Debug|Any CPU
		{AAB14566-2F08-4615-848E-16942B372F91}.Release|Any CPU.ActiveCfg = Release|Any CPU
		{AAB14566-2F08-4615-848E-16942B372F91}.Release|Any CPU.Build.0 = Release|Any CPU
	EndGlobalSection
	GlobalSection(SolutionProperties) = preSolution
		HideSolutionNode = FALSE
	EndGlobalSection
	GlobalSection(ExtensibilityGlobals) = postSolution
		SolutionGuid = {674F09DA-98FA-4638-9CB0-2A0F4CB540E2}
	EndGlobalSection
EndGlobal
